
Microsoft Visual Studio Solution File, Format Version 12.00
# Visual Studio 15
VisualStudioVersion = 15.0.27703.2026
MinimumVisualStudioVersion = 10.0.40219.1
Project("{FAE04EC0-301F-11D3-BF4B-00C04F79EFBC}") = "Airport", "Airport\Airport.csproj", "{B2D6891C-0D0A-426B-8A55-81B0F68B2BAA}"
EndProject
Global
	GlobalSection(SolutionConfigurationPlatforms) = preSolution
		Debug|Any CPU = Debug|Any CPU
		Release|Any CPU = Release|Any CPU
	EndGlobalSection
	GlobalSection(ProjectConfigurationPlatforms) = postSolution
		{B2D6891C-0D0A-426B-8A55-81B0F68B2BAA}.Debug|Any CPU.ActiveCfg = Debug|Any CPU
		{B2D6891C-0D0A-426B-8A55-81B0F68B2BAA}.Debug|Any CPU.Build.0 = Debug|Any CPU
		{B2D6891C-0D0A-426B-8A55-81B0F68B2BAA}.Release|Any CPU.ActiveCfg = Release|Any CPU
		{B2D6891C-0D0A-426B-8A55-81B0F68B2BAA}.Release|Any CPU.Build.0 = Release|Any CPU
	EndGlobalSection
	GlobalSection(SolutionProperties) = preSolution
		HideSolutionNode = FALSE
	EndGlobalSection
	GlobalSection(ExtensibilityGlobals) = postSolution
		SolutionGuid = {AA14FA57-B1D8-4003-8C3B-AE6BF4B29D45}
	EndGlobalSection
EndGlobal
